// !$*UTF8*$!
{
	archiveVersion = 1;
	classes = {
	};
	objectVersion = 77;
	objects = {

/* Begin PBXBuildFile section */
		3C4F98082D3962100070BC7D /* ChatView.swift in Sources */ = {isa = PBXBuildFile; fileRef = 3C4F98052D3962100070BC7D /* ChatView.swift */; };
		3CF80CEE2D34357300E8DE1F /* PreView.swift in Sources */ = {isa = PBXBuildFile; fileRef = 3CF80CED2D34357300E8DE1F /* PreView.swift */; };
		3CF80CF02D3435A000E8DE1F /* TabBarModel.swift in Sources */ = {isa = PBXBuildFile; fileRef = 3CF80CEF2D3435A000E8DE1F /* TabBarModel.swift */; };
		3CF80DC02D3696F300E8DE1F /* MypageView.swift in Sources */ = {isa = PBXBuildFile; fileRef = 3CF80DBF2D3696F300E8DE1F /* MypageView.swift */; };
		3CF80DC22D3697C900E8DE1F /* MyPageFeature.swift in Sources */ = {isa = PBXBuildFile; fileRef = 3CF80DC12D3697C000E8DE1F /* MyPageFeature.swift */; };
		3CF80DC42D36A45300E8DE1F /* ReadyView.swift in Sources */ = {isa = PBXBuildFile; fileRef = 3CF80DC32D36A45300E8DE1F /* ReadyView.swift */; };
		6C0E0DEB2D40A4050022C139 /* PresignedAPI.swift in Sources */ = {isa = PBXBuildFile; fileRef = 6C0E0DEA2D40A4050022C139 /* PresignedAPI.swift */; };
		6C0E0DED2D40A4170022C139 /* PresignedService.swift in Sources */ = {isa = PBXBuildFile; fileRef = 6C0E0DEC2D40A4170022C139 /* PresignedService.swift */; };
		6C0E0DEF2D40A4590022C139 /* PresignedRequestDTO.swift in Sources */ = {isa = PBXBuildFile; fileRef = 6C0E0DEE2D40A4590022C139 /* PresignedRequestDTO.swift */; };
		6C0E0DF12D40A4630022C139 /* PresignedResponseDTO.swift in Sources */ = {isa = PBXBuildFile; fileRef = 6C0E0DF02D40A4630022C139 /* PresignedResponseDTO.swift */; };
		6C2D5B5E2D32AD2800E904C6 /* RegisterView.swift in Sources */ = {isa = PBXBuildFile; fileRef = 6C2D5B5A2D32AD2800E904C6 /* RegisterView.swift */; };
		6C2D5B5F2D32AD2800E904C6 /* SellRegisterView.swift in Sources */ = {isa = PBXBuildFile; fileRef = 6C2D5B5B2D32AD2800E904C6 /* SellRegisterView.swift */; };
		6C2D5B662D32B47B00E904C6 /* RegisterImage.swift in Sources */ = {isa = PBXBuildFile; fileRef = 6C2D5B652D32B47B00E904C6 /* RegisterImage.swift */; };
		6C2D5B682D32B51200E904C6 /* RegisterGenre.swift in Sources */ = {isa = PBXBuildFile; fileRef = 6C2D5B672D32B51200E904C6 /* RegisterGenre.swift */; };
		6C2D5B6A2D32B62000E904C6 /* RegisterTitle.swift in Sources */ = {isa = PBXBuildFile; fileRef = 6C2D5B692D32B62000E904C6 /* RegisterTitle.swift */; };
		6C2D5B6C2D32B7E300E904C6 /* RegisterDescription.swift in Sources */ = {isa = PBXBuildFile; fileRef = 6C2D5B6B2D32B7E300E904C6 /* RegisterDescription.swift */; };
		6C2D5B702D32B9BE00E904C6 /* RegisterProductState.swift in Sources */ = {isa = PBXBuildFile; fileRef = 6C2D5B6F2D32B9BE00E904C6 /* RegisterProductState.swift */; };
		6C2D5B722D32BB9F00E904C6 /* RegisterSellPrice.swift in Sources */ = {isa = PBXBuildFile; fileRef = 6C2D5B712D32BB9F00E904C6 /* RegisterSellPrice.swift */; };
		6C2D5B742D32BD8C00E904C6 /* RegisterDeliveryCharge.swift in Sources */ = {isa = PBXBuildFile; fileRef = 6C2D5B732D32BD8C00E904C6 /* RegisterDeliveryCharge.swift */; };
		6C2D5B7B2D32C2A800E904C6 /* RegisterBuyHeader.swift in Sources */ = {isa = PBXBuildFile; fileRef = 6C2D5B792D32C2A800E904C6 /* RegisterBuyHeader.swift */; };
		6C2D5B7E2D32C2AA00E904C6 /* RegisterSellHeader.swift in Sources */ = {isa = PBXBuildFile; fileRef = 6C2D5B7C2D32C2AA00E904C6 /* RegisterSellHeader.swift */; };
		6C2D5B802D32CE7900E904C6 /* BuyRegisterView.swift in Sources */ = {isa = PBXBuildFile; fileRef = 6C2D5B7F2D32CE7900E904C6 /* BuyRegisterView.swift */; };
		6C3581252D36A532002AEDED /* RegisterSearch.swift in Sources */ = {isa = PBXBuildFile; fileRef = 6C3581242D36A532002AEDED /* RegisterSearch.swift */; };
		6C412F5A2D37DF9200998B27 /* TextEditor+.swift in Sources */ = {isa = PBXBuildFile; fileRef = 6C693D142D2E4D9200758C6A /* TextEditor+.swift */; };
		6C412F5B2D37DFA600998B27 /* SearchView.swift in Sources */ = {isa = PBXBuildFile; fileRef = D0AA210D2D2C0C42004CC2E6 /* SearchView.swift */; };
		6C412F5C2D37DFB700998B27 /* ProductDetailView.swift in Sources */ = {isa = PBXBuildFile; fileRef = D0AA21082D2C0C15004CC2E6 /* ProductDetailView.swift */; };
		6C412F5D2D37DFC200998B27 /* TabBarView.swift in Sources */ = {isa = PBXBuildFile; fileRef = D0AA20FA2D2C0B96004CC2E6 /* TabBarView.swift */; };
		6C6729792D41230700452B62 /* Encodable+.swift in Sources */ = {isa = PBXBuildFile; fileRef = D61342752D40345300E65EFD /* Encodable+.swift */; };
		6C693D132D2D7C2600758C6A /* TextField+.swift in Sources */ = {isa = PBXBuildFile; fileRef = 6C693D122D2D7C2600758C6A /* TextField+.swift */; };
		6C71799E2D36118B00481622 /* String+.swift in Sources */ = {isa = PBXBuildFile; fileRef = 6C71799D2D36118B00481622 /* String+.swift */; };
		6C7179A22D36955C00481622 /* RegisterBuyPrice.swift in Sources */ = {isa = PBXBuildFile; fileRef = 6C7179A12D36955C00481622 /* RegisterBuyPrice.swift */; };
		6CA556E42D38E11700AD1CF6 /* RegisterModel.swift in Sources */ = {isa = PBXBuildFile; fileRef = 6CA556E32D38E11700AD1CF6 /* RegisterModel.swift */; };
		D00CF6532D3E797F00F48230 /* MarketModel.swift in Sources */ = {isa = PBXBuildFile; fileRef = D00CF64E2D3E797E00F48230 /* MarketModel.swift */; };
		D00CF6542D3E797F00F48230 /* MarketView.swift in Sources */ = {isa = PBXBuildFile; fileRef = D00CF6502D3E797E00F48230 /* MarketView.swift */; };
		D01CBA832D414E7C00F6FE51 /* ProductSearchModel.swift in Sources */ = {isa = PBXBuildFile; fileRef = D01CBA812D414E7C00F6FE51 /* ProductSearchModel.swift */; };
		D0283BA62D3D6D07002F302A /* SearchInputView.swift in Sources */ = {isa = PBXBuildFile; fileRef = D0283BA52D3D6CF8002F302A /* SearchInputView.swift */; };
		D02CAB5C2D34A9CC00B0D93F /* ProductItemView.swift in Sources */ = {isa = PBXBuildFile; fileRef = D02CAB5B2D34A9C200B0D93F /* ProductItemView.swift */; };
		D02CAB612D34EBAB00B0D93F /* NZSegmentedControl.swift in Sources */ = {isa = PBXBuildFile; fileRef = D02CAB602D34EB9C00B0D93F /* NZSegmentedControl.swift */; };
		D07972552D3F6F9D00CF97E4 /* BaseService.swift in Sources */ = {isa = PBXBuildFile; fileRef = D07972512D3F6F9D00CF97E4 /* BaseService.swift */; };
		D07972562D3F6F9D00CF97E4 /* BaseTargetType.swift in Sources */ = {isa = PBXBuildFile; fileRef = D07972502D3F6F9D00CF97E4 /* BaseTargetType.swift */; };
		D07972572D3F6F9D00CF97E4 /* MoyaPlugin.swift in Sources */ = {isa = PBXBuildFile; fileRef = D07972522D3F6F9D00CF97E4 /* MoyaPlugin.swift */; };
		D07972582D3F6F9D00CF97E4 /* NetworkService.swift in Sources */ = {isa = PBXBuildFile; fileRef = D07972532D3F6F9D00CF97E4 /* NetworkService.swift */; };
		D07972592D3F6F9D00CF97E4 /* NetworkResult.swift in Sources */ = {isa = PBXBuildFile; fileRef = D07972542D3F6F9D00CF97E4 /* NetworkResult.swift */; };
		D07972672D3F74C500CF97E4 /* GenreService.swift in Sources */ = {isa = PBXBuildFile; fileRef = D07972662D3F74C100CF97E4 /* GenreService.swift */; };
		D07972692D3F74D000CF97E4 /* GenreAPI.swift in Sources */ = {isa = PBXBuildFile; fileRef = D07972682D3F74CB00CF97E4 /* GenreAPI.swift */; };
		D079726B2D3F74DB00CF97E4 /* LikeService.swift in Sources */ = {isa = PBXBuildFile; fileRef = D079726A2D3F74D700CF97E4 /* LikeService.swift */; };
		D079726D2D3F74E200CF97E4 /* LikeAPI.swift in Sources */ = {isa = PBXBuildFile; fileRef = D079726C2D3F74DE00CF97E4 /* LikeAPI.swift */; };
		D079726F2D3F74EC00CF97E4 /* ProductService.swift in Sources */ = {isa = PBXBuildFile; fileRef = D079726E2D3F74E500CF97E4 /* ProductService.swift */; };
		D07972712D3F74F200CF97E4 /* ProductAPI.swift in Sources */ = {isa = PBXBuildFile; fileRef = D07972702D3F74EF00CF97E4 /* ProductAPI.swift */; };
		D07972732D3F74F900CF97E4 /* StoreService.swift in Sources */ = {isa = PBXBuildFile; fileRef = D07972722D3F74F600CF97E4 /* StoreService.swift */; };
		D07972752D3F750000CF97E4 /* StoreAPI.swift in Sources */ = {isa = PBXBuildFile; fileRef = D07972742D3F74FC00CF97E4 /* StoreAPI.swift */; };
		D07972822D3F776F00CF97E4 /* PreferGenreResponseDTO.swift in Sources */ = {isa = PBXBuildFile; fileRef = D07972812D3F776100CF97E4 /* PreferGenreResponseDTO.swift */; };
		D07972892D3F78BA00CF97E4 /* GenreNameResponseDTO.swift in Sources */ = {isa = PBXBuildFile; fileRef = D07972882D3F78BA00CF97E4 /* GenreNameResponseDTO.swift */; };
		D079728B2D3F794700CF97E4 /* BannerResponseDTO.swift in Sources */ = {isa = PBXBuildFile; fileRef = D079728A2D3F794700CF97E4 /* BannerResponseDTO.swift */; };
		D079728F2D3F7A4200CF97E4 /* ProductResponseDTO.swift in Sources */ = {isa = PBXBuildFile; fileRef = D079728E2D3F7A4200CF97E4 /* ProductResponseDTO.swift */; };
		D07972912D3F7CC600CF97E4 /* ProductDetailResponseDTO.swift in Sources */ = {isa = PBXBuildFile; fileRef = D07972902D3F7CC600CF97E4 /* ProductDetailResponseDTO.swift */; };
		D07972932D3F85E100CF97E4 /* RegisterProductRequestDTO.swift in Sources */ = {isa = PBXBuildFile; fileRef = D07972922D3F85D500CF97E4 /* RegisterProductRequestDTO.swift */; };
		D07972952D3F86DB00CF97E4 /* RegisterProductResponseDTO.swift in Sources */ = {isa = PBXBuildFile; fileRef = D07972942D3F86DB00CF97E4 /* RegisterProductResponseDTO.swift */; };
		D07972992D3F88B100CF97E4 /* ChatInfoResponseDTO.swift in Sources */ = {isa = PBXBuildFile; fileRef = D07972982D3F88B100CF97E4 /* ChatInfoResponseDTO.swift */; };
		D079729B2D3F896900CF97E4 /* RegisterPreferGenreRequestDTO.swift in Sources */ = {isa = PBXBuildFile; fileRef = D079729A2D3F896900CF97E4 /* RegisterPreferGenreRequestDTO.swift */; };
		D079729D2D3F8A0100CF97E4 /* RegisterPreferGenreResponseDTO.swift in Sources */ = {isa = PBXBuildFile; fileRef = D079729C2D3F8A0100CF97E4 /* RegisterPreferGenreResponseDTO.swift */; };
		D079729F2D3F8A6D00CF97E4 /* MyPageInfoResponseDTO.swift in Sources */ = {isa = PBXBuildFile; fileRef = D079729E2D3F8A6D00CF97E4 /* MyPageInfoResponseDTO.swift */; };
		D07972A12D3F8C2B00CF97E4 /* StoreInfoResponseDTO.swift in Sources */ = {isa = PBXBuildFile; fileRef = D07972A02D3F8C2B00CF97E4 /* StoreInfoResponseDTO.swift */; };
		D07A11F82D301BF400749962 /* ColorLiteral.swift in Sources */ = {isa = PBXBuildFile; fileRef = D07A11F72D301BE300749962 /* ColorLiteral.swift */; };
		D07B6F282D30001700500B92 /* NapzakTextStyleModifier.swift in Sources */ = {isa = PBXBuildFile; fileRef = D07B6F272D30000900500B92 /* NapzakTextStyleModifier.swift */; };
		D07B6F2A2D30017E00500B92 /* View+.swift in Sources */ = {isa = PBXBuildFile; fileRef = D07B6F292D30017B00500B92 /* View+.swift */; };
		D08F4E842D3A6E43004093FC /* ProductDetailModel.swift in Sources */ = {isa = PBXBuildFile; fileRef = D08F4E832D3A6E3B004093FC /* ProductDetailModel.swift */; };
		D0A31DA02D37D7F700A92FBA /* ProductModel.swift in Sources */ = {isa = PBXBuildFile; fileRef = D0A31D9F2D37D7F100A92FBA /* ProductModel.swift */; };
		D0A7361A2D380F1C00EF2CF9 /* GenreFilterModalView.swift in Sources */ = {isa = PBXBuildFile; fileRef = D0A736192D380F1400EF2CF9 /* GenreFilterModalView.swift */; };
		D0AA20EB2D2C0A56004CC2E6 /* Preview Assets.xcassets in Resources */ = {isa = PBXBuildFile; fileRef = D0AA20E52D2C0A56004CC2E6 /* Preview Assets.xcassets */; };
		D0AA20ED2D2C0A56004CC2E6 /* ContentView.swift in Sources */ = {isa = PBXBuildFile; fileRef = D0AA20E82D2C0A56004CC2E6 /* ContentView.swift */; };
		D0AA20EE2D2C0A56004CC2E6 /* Napzakmarket_iOSApp.swift in Sources */ = {isa = PBXBuildFile; fileRef = D0AA20E92D2C0A56004CC2E6 /* Napzakmarket_iOSApp.swift */; };
		D0AA21222D2C10CC004CC2E6 /* Moya in Frameworks */ = {isa = PBXBuildFile; productRef = D0AA21212D2C10CC004CC2E6 /* Moya */; };
		D0AA21252D2C10E5004CC2E6 /* Kingfisher in Frameworks */ = {isa = PBXBuildFile; productRef = D0AA21242D2C10E5004CC2E6 /* Kingfisher */; };
		D0AA21282D2C1169004CC2E6 /* Lottie in Frameworks */ = {isa = PBXBuildFile; productRef = D0AA21272D2C1169004CC2E6 /* Lottie */; };
		D0AA21322D2CFF0E004CC2E6 /* Pretendard-Bold.otf in Resources */ = {isa = PBXBuildFile; fileRef = D0AA212F2D2CFF0E004CC2E6 /* Pretendard-Bold.otf */; };
		D0AA21332D2CFF0E004CC2E6 /* Pretendard-SemiBold.otf in Resources */ = {isa = PBXBuildFile; fileRef = D0AA21312D2CFF0E004CC2E6 /* Pretendard-SemiBold.otf */; };
		D0AA21342D2CFF0E004CC2E6 /* Pretendard-Medium.otf in Resources */ = {isa = PBXBuildFile; fileRef = D0AA21302D2CFF0E004CC2E6 /* Pretendard-Medium.otf */; };
		D0AA21362D2CFF9F004CC2E6 /* FontLiterial.swift in Sources */ = {isa = PBXBuildFile; fileRef = D0AA21352D2CFF99004CC2E6 /* FontLiterial.swift */; };
		D0C26EB72D3797A10014EB4C /* SortModalView.swift in Sources */ = {isa = PBXBuildFile; fileRef = D0C26EB62D3797980014EB4C /* SortModalView.swift */; };
		D61342532D3A92B800E65EFD /* Assets.xcassets in Resources */ = {isa = PBXBuildFile; fileRef = D61342522D3A92B800E65EFD /* Assets.xcassets */; };
		D61342782D40C90600E65EFD /* HomeModel.swift in Sources */ = {isa = PBXBuildFile; fileRef = D61342772D40C90600E65EFD /* HomeModel.swift */; };
		D63F2FCC2D369B9C00C1C7D1 /* AppEntryView.swift in Sources */ = {isa = PBXBuildFile; fileRef = D63F2FCB2D369B9C00C1C7D1 /* AppEntryView.swift */; };
		D63F2FCF2D38D6A300C1C7D1 /* splash(ios).json in Resources */ = {isa = PBXBuildFile; fileRef = D63F2FCE2D38D6A300C1C7D1 /* splash(ios).json */; };
		D63F2FD12D38D92B00C1C7D1 /* SplashView.swift in Sources */ = {isa = PBXBuildFile; fileRef = D63F2FD02D38D92B00C1C7D1 /* SplashView.swift */; };
		D63F2FD32D38E7BA00C1C7D1 /* AppState.swift in Sources */ = {isa = PBXBuildFile; fileRef = D63F2FD22D38E7BA00C1C7D1 /* AppState.swift */; };
		D6C6750E2D32A5BB00DE6B4D /* Genre.swift in Sources */ = {isa = PBXBuildFile; fileRef = D6C6750D2D32A5BB00DE6B4D /* Genre.swift */; };
		D6C675112D32AD1700DE6B4D /* MockGenreService.swift in Sources */ = {isa = PBXBuildFile; fileRef = D6C675102D32AD1700DE6B4D /* MockGenreService.swift */; };
		D6C675132D32B4B900DE6B4D /* APIResponse.swift in Sources */ = {isa = PBXBuildFile; fileRef = D6C675122D32B4B900DE6B4D /* APIResponse.swift */; };
		D6C675182D32BC5400DE6B4D /* mock_genres_39.json in Resources */ = {isa = PBXBuildFile; fileRef = D6C675162D32BC5400DE6B4D /* mock_genres_39.json */; };
		D6C6751A2D32C27800DE6B4D /* MockGenreError.swift in Sources */ = {isa = PBXBuildFile; fileRef = D6C675192D32C27800DE6B4D /* MockGenreError.swift */; };
		D6C6751C2D32F30100DE6B4D /* GenreModel.swift in Sources */ = {isa = PBXBuildFile; fileRef = D6C6751B2D32F30100DE6B4D /* GenreModel.swift */; };
		D6C6751E2D33024B00DE6B4D /* SearchBar.swift in Sources */ = {isa = PBXBuildFile; fileRef = D6C6751D2D33024B00DE6B4D /* SearchBar.swift */; };
		D6F5288D2D3410C900D1F7A8 /* GenreCell.swift in Sources */ = {isa = PBXBuildFile; fileRef = D6F5288C2D3410C900D1F7A8 /* GenreCell.swift */; };
		D6F528A72D362ABF00D1F7A8 /* GenreChip.swift in Sources */ = {isa = PBXBuildFile; fileRef = D6F528A62D362ABF00D1F7A8 /* GenreChip.swift */; };
		D6F528A92D363B3300D1F7A8 /* ChipsContainerView.swift in Sources */ = {isa = PBXBuildFile; fileRef = D6F528A82D363B3300D1F7A8 /* ChipsContainerView.swift */; };
		D6F528C12D3646A900D1F7A8 /* GenreGridView.swift in Sources */ = {isa = PBXBuildFile; fileRef = D6F528C02D3646A900D1F7A8 /* GenreGridView.swift */; };
		D6F528C32D36503B00D1F7A8 /* OnboardingView.swift in Sources */ = {isa = PBXBuildFile; fileRef = D6F528C22D36503B00D1F7A8 /* OnboardingView.swift */; };
		D6F528C52D3650A300D1F7A8 /* HomeView.swift in Sources */ = {isa = PBXBuildFile; fileRef = D6F528C42D3650A300D1F7A8 /* HomeView.swift */; };
/* End PBXBuildFile section */

/* Begin PBXFileReference section */
		3C4F98052D3962100070BC7D /* ChatView.swift */ = {isa = PBXFileReference; lastKnownFileType = sourcecode.swift; path = ChatView.swift; sourceTree = "<group>"; };
		3CB7AFE52D3FD87D00F3A251 /* Config.xcconfig */ = {isa = PBXFileReference; lastKnownFileType = text.xcconfig; path = Config.xcconfig; sourceTree = "<group>"; };
		3CF80CED2D34357300E8DE1F /* PreView.swift */ = {isa = PBXFileReference; lastKnownFileType = sourcecode.swift; path = PreView.swift; sourceTree = "<group>"; };
		3CF80CEF2D3435A000E8DE1F /* TabBarModel.swift */ = {isa = PBXFileReference; lastKnownFileType = sourcecode.swift; path = TabBarModel.swift; sourceTree = "<group>"; };
		3CF80DBF2D3696F300E8DE1F /* MypageView.swift */ = {isa = PBXFileReference; lastKnownFileType = sourcecode.swift; path = MypageView.swift; sourceTree = "<group>"; };
		3CF80DC12D3697C000E8DE1F /* MyPageFeature.swift */ = {isa = PBXFileReference; lastKnownFileType = sourcecode.swift; path = MyPageFeature.swift; sourceTree = "<group>"; };
		3CF80DC32D36A45300E8DE1F /* ReadyView.swift */ = {isa = PBXFileReference; lastKnownFileType = sourcecode.swift; path = ReadyView.swift; sourceTree = "<group>"; };
		6C0E0DEA2D40A4050022C139 /* PresignedAPI.swift */ = {isa = PBXFileReference; lastKnownFileType = sourcecode.swift; path = PresignedAPI.swift; sourceTree = "<group>"; };
		6C0E0DEC2D40A4170022C139 /* PresignedService.swift */ = {isa = PBXFileReference; lastKnownFileType = sourcecode.swift; path = PresignedService.swift; sourceTree = "<group>"; };
		6C0E0DEE2D40A4590022C139 /* PresignedRequestDTO.swift */ = {isa = PBXFileReference; lastKnownFileType = sourcecode.swift; path = PresignedRequestDTO.swift; sourceTree = "<group>"; };
		6C0E0DF02D40A4630022C139 /* PresignedResponseDTO.swift */ = {isa = PBXFileReference; lastKnownFileType = sourcecode.swift; path = PresignedResponseDTO.swift; sourceTree = "<group>"; };
		6C2D5B5A2D32AD2800E904C6 /* RegisterView.swift */ = {isa = PBXFileReference; lastKnownFileType = sourcecode.swift; path = RegisterView.swift; sourceTree = "<group>"; };
		6C2D5B5B2D32AD2800E904C6 /* SellRegisterView.swift */ = {isa = PBXFileReference; lastKnownFileType = sourcecode.swift; path = SellRegisterView.swift; sourceTree = "<group>"; };
		6C2D5B652D32B47B00E904C6 /* RegisterImage.swift */ = {isa = PBXFileReference; lastKnownFileType = sourcecode.swift; path = RegisterImage.swift; sourceTree = "<group>"; };
		6C2D5B672D32B51200E904C6 /* RegisterGenre.swift */ = {isa = PBXFileReference; lastKnownFileType = sourcecode.swift; path = RegisterGenre.swift; sourceTree = "<group>"; };
		6C2D5B692D32B62000E904C6 /* RegisterTitle.swift */ = {isa = PBXFileReference; lastKnownFileType = sourcecode.swift; path = RegisterTitle.swift; sourceTree = "<group>"; };
		6C2D5B6B2D32B7E300E904C6 /* RegisterDescription.swift */ = {isa = PBXFileReference; lastKnownFileType = sourcecode.swift; path = RegisterDescription.swift; sourceTree = "<group>"; };
		6C2D5B6F2D32B9BE00E904C6 /* RegisterProductState.swift */ = {isa = PBXFileReference; lastKnownFileType = sourcecode.swift; path = RegisterProductState.swift; sourceTree = "<group>"; };
		6C2D5B712D32BB9F00E904C6 /* RegisterSellPrice.swift */ = {isa = PBXFileReference; lastKnownFileType = sourcecode.swift; path = RegisterSellPrice.swift; sourceTree = "<group>"; };
		6C2D5B732D32BD8C00E904C6 /* RegisterDeliveryCharge.swift */ = {isa = PBXFileReference; lastKnownFileType = sourcecode.swift; path = RegisterDeliveryCharge.swift; sourceTree = "<group>"; };
		6C2D5B792D32C2A800E904C6 /* RegisterBuyHeader.swift */ = {isa = PBXFileReference; lastKnownFileType = sourcecode.swift; path = RegisterBuyHeader.swift; sourceTree = "<group>"; };
		6C2D5B7C2D32C2AA00E904C6 /* RegisterSellHeader.swift */ = {isa = PBXFileReference; lastKnownFileType = sourcecode.swift; path = RegisterSellHeader.swift; sourceTree = "<group>"; };
		6C2D5B7F2D32CE7900E904C6 /* BuyRegisterView.swift */ = {isa = PBXFileReference; lastKnownFileType = sourcecode.swift; path = BuyRegisterView.swift; sourceTree = "<group>"; };
		6C3581242D36A532002AEDED /* RegisterSearch.swift */ = {isa = PBXFileReference; lastKnownFileType = sourcecode.swift; path = RegisterSearch.swift; sourceTree = "<group>"; };
		6C693D122D2D7C2600758C6A /* TextField+.swift */ = {isa = PBXFileReference; lastKnownFileType = sourcecode.swift; path = "TextField+.swift"; sourceTree = "<group>"; };
		6C693D142D2E4D9200758C6A /* TextEditor+.swift */ = {isa = PBXFileReference; lastKnownFileType = sourcecode.swift; path = "TextEditor+.swift"; sourceTree = "<group>"; };
		6C71799D2D36118B00481622 /* String+.swift */ = {isa = PBXFileReference; lastKnownFileType = sourcecode.swift; path = "String+.swift"; sourceTree = "<group>"; };
		6C7179A12D36955C00481622 /* RegisterBuyPrice.swift */ = {isa = PBXFileReference; lastKnownFileType = sourcecode.swift; path = RegisterBuyPrice.swift; sourceTree = "<group>"; };
		6CA556E32D38E11700AD1CF6 /* RegisterModel.swift */ = {isa = PBXFileReference; lastKnownFileType = sourcecode.swift; path = RegisterModel.swift; sourceTree = "<group>"; };
		D00CF64E2D3E797E00F48230 /* MarketModel.swift */ = {isa = PBXFileReference; lastKnownFileType = sourcecode.swift; path = MarketModel.swift; sourceTree = "<group>"; };
		D00CF6502D3E797E00F48230 /* MarketView.swift */ = {isa = PBXFileReference; lastKnownFileType = sourcecode.swift; path = MarketView.swift; sourceTree = "<group>"; };
		D01CBA812D414E7C00F6FE51 /* ProductSearchModel.swift */ = {isa = PBXFileReference; lastKnownFileType = sourcecode.swift; path = ProductSearchModel.swift; sourceTree = "<group>"; };
		D0283BA52D3D6CF8002F302A /* SearchInputView.swift */ = {isa = PBXFileReference; lastKnownFileType = sourcecode.swift; path = SearchInputView.swift; sourceTree = "<group>"; };
		D02CAB5B2D34A9C200B0D93F /* ProductItemView.swift */ = {isa = PBXFileReference; lastKnownFileType = sourcecode.swift; path = ProductItemView.swift; sourceTree = "<group>"; };
		D02CAB602D34EB9C00B0D93F /* NZSegmentedControl.swift */ = {isa = PBXFileReference; lastKnownFileType = sourcecode.swift; path = NZSegmentedControl.swift; sourceTree = "<group>"; };
		D07972502D3F6F9D00CF97E4 /* BaseTargetType.swift */ = {isa = PBXFileReference; lastKnownFileType = sourcecode.swift; path = BaseTargetType.swift; sourceTree = "<group>"; };
		D07972512D3F6F9D00CF97E4 /* BaseService.swift */ = {isa = PBXFileReference; lastKnownFileType = sourcecode.swift; path = BaseService.swift; sourceTree = "<group>"; };
		D07972522D3F6F9D00CF97E4 /* MoyaPlugin.swift */ = {isa = PBXFileReference; lastKnownFileType = sourcecode.swift; path = MoyaPlugin.swift; sourceTree = "<group>"; };
		D07972532D3F6F9D00CF97E4 /* NetworkService.swift */ = {isa = PBXFileReference; lastKnownFileType = sourcecode.swift; path = NetworkService.swift; sourceTree = "<group>"; };
		D07972542D3F6F9D00CF97E4 /* NetworkResult.swift */ = {isa = PBXFileReference; lastKnownFileType = sourcecode.swift; path = NetworkResult.swift; sourceTree = "<group>"; };
		D07972662D3F74C100CF97E4 /* GenreService.swift */ = {isa = PBXFileReference; lastKnownFileType = sourcecode.swift; path = GenreService.swift; sourceTree = "<group>"; };
		D07972682D3F74CB00CF97E4 /* GenreAPI.swift */ = {isa = PBXFileReference; lastKnownFileType = sourcecode.swift; path = GenreAPI.swift; sourceTree = "<group>"; };
		D079726A2D3F74D700CF97E4 /* LikeService.swift */ = {isa = PBXFileReference; lastKnownFileType = sourcecode.swift; path = LikeService.swift; sourceTree = "<group>"; };
		D079726C2D3F74DE00CF97E4 /* LikeAPI.swift */ = {isa = PBXFileReference; lastKnownFileType = sourcecode.swift; path = LikeAPI.swift; sourceTree = "<group>"; };
		D079726E2D3F74E500CF97E4 /* ProductService.swift */ = {isa = PBXFileReference; lastKnownFileType = sourcecode.swift; path = ProductService.swift; sourceTree = "<group>"; };
		D07972702D3F74EF00CF97E4 /* ProductAPI.swift */ = {isa = PBXFileReference; lastKnownFileType = sourcecode.swift; path = ProductAPI.swift; sourceTree = "<group>"; };
		D07972722D3F74F600CF97E4 /* StoreService.swift */ = {isa = PBXFileReference; lastKnownFileType = sourcecode.swift; path = StoreService.swift; sourceTree = "<group>"; };
		D07972742D3F74FC00CF97E4 /* StoreAPI.swift */ = {isa = PBXFileReference; lastKnownFileType = sourcecode.swift; path = StoreAPI.swift; sourceTree = "<group>"; };
		D07972812D3F776100CF97E4 /* PreferGenreResponseDTO.swift */ = {isa = PBXFileReference; lastKnownFileType = sourcecode.swift; path = PreferGenreResponseDTO.swift; sourceTree = "<group>"; };
		D07972882D3F78BA00CF97E4 /* GenreNameResponseDTO.swift */ = {isa = PBXFileReference; lastKnownFileType = sourcecode.swift; path = GenreNameResponseDTO.swift; sourceTree = "<group>"; };
		D079728A2D3F794700CF97E4 /* BannerResponseDTO.swift */ = {isa = PBXFileReference; lastKnownFileType = sourcecode.swift; path = BannerResponseDTO.swift; sourceTree = "<group>"; };
		D079728E2D3F7A4200CF97E4 /* ProductResponseDTO.swift */ = {isa = PBXFileReference; lastKnownFileType = sourcecode.swift; path = ProductResponseDTO.swift; sourceTree = "<group>"; };
		D07972902D3F7CC600CF97E4 /* ProductDetailResponseDTO.swift */ = {isa = PBXFileReference; lastKnownFileType = sourcecode.swift; path = ProductDetailResponseDTO.swift; sourceTree = "<group>"; };
		D07972922D3F85D500CF97E4 /* RegisterProductRequestDTO.swift */ = {isa = PBXFileReference; lastKnownFileType = sourcecode.swift; path = RegisterProductRequestDTO.swift; sourceTree = "<group>"; };
		D07972942D3F86DB00CF97E4 /* RegisterProductResponseDTO.swift */ = {isa = PBXFileReference; lastKnownFileType = sourcecode.swift; path = RegisterProductResponseDTO.swift; sourceTree = "<group>"; };
		D07972982D3F88B100CF97E4 /* ChatInfoResponseDTO.swift */ = {isa = PBXFileReference; lastKnownFileType = sourcecode.swift; path = ChatInfoResponseDTO.swift; sourceTree = "<group>"; };
		D079729A2D3F896900CF97E4 /* RegisterPreferGenreRequestDTO.swift */ = {isa = PBXFileReference; lastKnownFileType = sourcecode.swift; path = RegisterPreferGenreRequestDTO.swift; sourceTree = "<group>"; };
		D079729C2D3F8A0100CF97E4 /* RegisterPreferGenreResponseDTO.swift */ = {isa = PBXFileReference; lastKnownFileType = sourcecode.swift; path = RegisterPreferGenreResponseDTO.swift; sourceTree = "<group>"; };
		D079729E2D3F8A6D00CF97E4 /* MyPageInfoResponseDTO.swift */ = {isa = PBXFileReference; lastKnownFileType = sourcecode.swift; path = MyPageInfoResponseDTO.swift; sourceTree = "<group>"; };
		D07972A02D3F8C2B00CF97E4 /* StoreInfoResponseDTO.swift */ = {isa = PBXFileReference; lastKnownFileType = sourcecode.swift; path = StoreInfoResponseDTO.swift; sourceTree = "<group>"; };
		D07A11F72D301BE300749962 /* ColorLiteral.swift */ = {isa = PBXFileReference; lastKnownFileType = sourcecode.swift; path = ColorLiteral.swift; sourceTree = "<group>"; };
		D07B6F272D30000900500B92 /* NapzakTextStyleModifier.swift */ = {isa = PBXFileReference; lastKnownFileType = sourcecode.swift; path = NapzakTextStyleModifier.swift; sourceTree = "<group>"; };
		D07B6F292D30017B00500B92 /* View+.swift */ = {isa = PBXFileReference; lastKnownFileType = sourcecode.swift; path = "View+.swift"; sourceTree = "<group>"; };
		D08F4E832D3A6E3B004093FC /* ProductDetailModel.swift */ = {isa = PBXFileReference; lastKnownFileType = sourcecode.swift; path = ProductDetailModel.swift; sourceTree = "<group>"; };
		D0A31D9F2D37D7F100A92FBA /* ProductModel.swift */ = {isa = PBXFileReference; lastKnownFileType = sourcecode.swift; path = ProductModel.swift; sourceTree = "<group>"; };
		D0A736192D380F1400EF2CF9 /* GenreFilterModalView.swift */ = {isa = PBXFileReference; lastKnownFileType = sourcecode.swift; path = GenreFilterModalView.swift; sourceTree = "<group>"; };
		D0AA20E52D2C0A56004CC2E6 /* Preview Assets.xcassets */ = {isa = PBXFileReference; lastKnownFileType = folder.assetcatalog; path = "Preview Assets.xcassets"; sourceTree = "<group>"; };
		D0AA20E82D2C0A56004CC2E6 /* ContentView.swift */ = {isa = PBXFileReference; lastKnownFileType = sourcecode.swift; path = ContentView.swift; sourceTree = "<group>"; };
		D0AA20E92D2C0A56004CC2E6 /* Napzakmarket_iOSApp.swift */ = {isa = PBXFileReference; lastKnownFileType = sourcecode.swift; path = Napzakmarket_iOSApp.swift; sourceTree = "<group>"; };
		D0AA20FA2D2C0B96004CC2E6 /* TabBarView.swift */ = {isa = PBXFileReference; lastKnownFileType = sourcecode.swift; path = TabBarView.swift; sourceTree = "<group>"; };
		D0AA21082D2C0C15004CC2E6 /* ProductDetailView.swift */ = {isa = PBXFileReference; lastKnownFileType = sourcecode.swift; path = ProductDetailView.swift; sourceTree = "<group>"; };
		D0AA210D2D2C0C42004CC2E6 /* SearchView.swift */ = {isa = PBXFileReference; lastKnownFileType = sourcecode.swift; path = SearchView.swift; sourceTree = "<group>"; };
		D0AA212F2D2CFF0E004CC2E6 /* Pretendard-Bold.otf */ = {isa = PBXFileReference; lastKnownFileType = file; path = "Pretendard-Bold.otf"; sourceTree = "<group>"; };
		D0AA21302D2CFF0E004CC2E6 /* Pretendard-Medium.otf */ = {isa = PBXFileReference; lastKnownFileType = file; path = "Pretendard-Medium.otf"; sourceTree = "<group>"; };
		D0AA21312D2CFF0E004CC2E6 /* Pretendard-SemiBold.otf */ = {isa = PBXFileReference; lastKnownFileType = file; path = "Pretendard-SemiBold.otf"; sourceTree = "<group>"; };
		D0AA21352D2CFF99004CC2E6 /* FontLiterial.swift */ = {isa = PBXFileReference; lastKnownFileType = sourcecode.swift; path = FontLiterial.swift; sourceTree = "<group>"; };
		D0AA21372D2D00A3004CC2E6 /* Info.plist */ = {isa = PBXFileReference; lastKnownFileType = text.plist; path = Info.plist; sourceTree = "<group>"; };
		D0C26EB62D3797980014EB4C /* SortModalView.swift */ = {isa = PBXFileReference; lastKnownFileType = sourcecode.swift; path = SortModalView.swift; sourceTree = "<group>"; };
		D0C2A8F62D2AA38E00C8616B /* Napzakmarket-iOS.app */ = {isa = PBXFileReference; explicitFileType = wrapper.application; includeInIndex = 0; path = "Napzakmarket-iOS.app"; sourceTree = BUILT_PRODUCTS_DIR; };
		D61342522D3A92B800E65EFD /* Assets.xcassets */ = {isa = PBXFileReference; lastKnownFileType = folder.assetcatalog; path = Assets.xcassets; sourceTree = "<group>"; };
		D61342752D40345300E65EFD /* Encodable+.swift */ = {isa = PBXFileReference; lastKnownFileType = sourcecode.swift; path = "Encodable+.swift"; sourceTree = "<group>"; };
		D61342772D40C90600E65EFD /* HomeModel.swift */ = {isa = PBXFileReference; lastKnownFileType = sourcecode.swift; path = HomeModel.swift; sourceTree = "<group>"; };
		D63F2FCB2D369B9C00C1C7D1 /* AppEntryView.swift */ = {isa = PBXFileReference; lastKnownFileType = sourcecode.swift; path = AppEntryView.swift; sourceTree = "<group>"; };
		D63F2FCE2D38D6A300C1C7D1 /* splash(ios).json */ = {isa = PBXFileReference; lastKnownFileType = text.json; path = "splash(ios).json"; sourceTree = "<group>"; };
		D63F2FD02D38D92B00C1C7D1 /* SplashView.swift */ = {isa = PBXFileReference; lastKnownFileType = sourcecode.swift; path = SplashView.swift; sourceTree = "<group>"; };
		D63F2FD22D38E7BA00C1C7D1 /* AppState.swift */ = {isa = PBXFileReference; lastKnownFileType = sourcecode.swift; path = AppState.swift; sourceTree = "<group>"; };
		D6C6750D2D32A5BB00DE6B4D /* Genre.swift */ = {isa = PBXFileReference; lastKnownFileType = sourcecode.swift; path = Genre.swift; sourceTree = "<group>"; };
		D6C675102D32AD1700DE6B4D /* MockGenreService.swift */ = {isa = PBXFileReference; lastKnownFileType = sourcecode.swift; path = MockGenreService.swift; sourceTree = "<group>"; };
		D6C675122D32B4B900DE6B4D /* APIResponse.swift */ = {isa = PBXFileReference; lastKnownFileType = sourcecode.swift; path = APIResponse.swift; sourceTree = "<group>"; };
		D6C675172D32BC5400DE6B4D /* en */ = {isa = PBXFileReference; lastKnownFileType = text.json; name = en; path = en.lproj/mock_genres_39.json; sourceTree = "<group>"; };
		D6C675192D32C27800DE6B4D /* MockGenreError.swift */ = {isa = PBXFileReference; lastKnownFileType = sourcecode.swift; path = MockGenreError.swift; sourceTree = "<group>"; };
		D6C6751B2D32F30100DE6B4D /* GenreModel.swift */ = {isa = PBXFileReference; lastKnownFileType = sourcecode.swift; path = GenreModel.swift; sourceTree = "<group>"; };
		D6C6751D2D33024B00DE6B4D /* SearchBar.swift */ = {isa = PBXFileReference; lastKnownFileType = sourcecode.swift; path = SearchBar.swift; sourceTree = "<group>"; };
		D6F5288C2D3410C900D1F7A8 /* GenreCell.swift */ = {isa = PBXFileReference; lastKnownFileType = sourcecode.swift; path = GenreCell.swift; sourceTree = "<group>"; };
		D6F528A62D362ABF00D1F7A8 /* GenreChip.swift */ = {isa = PBXFileReference; lastKnownFileType = sourcecode.swift; path = GenreChip.swift; sourceTree = "<group>"; };
		D6F528A82D363B3300D1F7A8 /* ChipsContainerView.swift */ = {isa = PBXFileReference; lastKnownFileType = sourcecode.swift; path = ChipsContainerView.swift; sourceTree = "<group>"; };
		D6F528C02D3646A900D1F7A8 /* GenreGridView.swift */ = {isa = PBXFileReference; lastKnownFileType = sourcecode.swift; path = GenreGridView.swift; sourceTree = "<group>"; };
		D6F528C22D36503B00D1F7A8 /* OnboardingView.swift */ = {isa = PBXFileReference; lastKnownFileType = sourcecode.swift; path = OnboardingView.swift; sourceTree = "<group>"; };
		D6F528C42D3650A300D1F7A8 /* HomeView.swift */ = {isa = PBXFileReference; lastKnownFileType = sourcecode.swift; path = HomeView.swift; sourceTree = "<group>"; };
/* End PBXFileReference section */

/* Begin PBXFrameworksBuildPhase section */
		D0C2A8F32D2AA38E00C8616B /* Frameworks */ = {
			isa = PBXFrameworksBuildPhase;
			buildActionMask = 2147483647;
			files = (
				D0AA21252D2C10E5004CC2E6 /* Kingfisher in Frameworks */,
				D0AA21222D2C10CC004CC2E6 /* Moya in Frameworks */,
				D0AA21282D2C1169004CC2E6 /* Lottie in Frameworks */,
			);
			runOnlyForDeploymentPostprocessing = 0;
		};
/* End PBXFrameworksBuildPhase section */

/* Begin PBXGroup section */
		3C4F98042D3962100070BC7D /* Model */ = {
			isa = PBXGroup;
			children = (
			);
			path = Model;
			sourceTree = "<group>";
		};
		3C4F98062D3962100070BC7D /* View */ = {
			isa = PBXGroup;
			children = (
				3C4F98052D3962100070BC7D /* ChatView.swift */,
			);
			path = View;
			sourceTree = "<group>";
		};
		3C4F98072D3962100070BC7D /* Chat */ = {
			isa = PBXGroup;
			children = (
				3C4F98042D3962100070BC7D /* Model */,
				3C4F98062D3962100070BC7D /* View */,
			);
			path = Chat;
			sourceTree = "<group>";
		};
		6C0E0DE32D40A3D90022C139 /* Presigned */ = {
			isa = PBXGroup;
			children = (
				6C0E0DE92D40A3F40022C139 /* DTO */,
				6C0E0DEA2D40A4050022C139 /* PresignedAPI.swift */,
				6C0E0DEC2D40A4170022C139 /* PresignedService.swift */,
			);
			path = Presigned;
			sourceTree = "<group>";
		};
		6C0E0DE72D40A3F40022C139 /* Request */ = {
			isa = PBXGroup;
			children = (
				6C0E0DEE2D40A4590022C139 /* PresignedRequestDTO.swift */,
			);
			path = Request;
			sourceTree = "<group>";
		};
		6C0E0DE82D40A3F40022C139 /* Response */ = {
			isa = PBXGroup;
			children = (
				6C0E0DF02D40A4630022C139 /* PresignedResponseDTO.swift */,
			);
			path = Response;
			sourceTree = "<group>";
		};
		6C0E0DE92D40A3F40022C139 /* DTO */ = {
			isa = PBXGroup;
			children = (
				6C0E0DE72D40A3F40022C139 /* Request */,
				6C0E0DE82D40A3F40022C139 /* Response */,
			);
			path = DTO;
			sourceTree = "<group>";
		};
		6C2D5B582D32AD2800E904C6 /* Model */ = {
			isa = PBXGroup;
			children = (
				6CA556E32D38E11700AD1CF6 /* RegisterModel.swift */,
			);
			path = Model;
			sourceTree = "<group>";
		};
		6C2D5B5C2D32AD2800E904C6 /* View */ = {
			isa = PBXGroup;
			children = (
				6C2D5B5A2D32AD2800E904C6 /* RegisterView.swift */,
				6C2D5B5B2D32AD2800E904C6 /* SellRegisterView.swift */,
				6C2D5B7F2D32CE7900E904C6 /* BuyRegisterView.swift */,
			);
			path = View;
			sourceTree = "<group>";
		};
		6C2D5B5D2D32AD2800E904C6 /* Register */ = {
			isa = PBXGroup;
			children = (
				6C2D5B582D32AD2800E904C6 /* Model */,
				6C2D5B622D32ADEE00E904C6 /* Components */,
				6C2D5B5C2D32AD2800E904C6 /* View */,
			);
			path = Register;
			sourceTree = "<group>";
		};
		6C2D5B622D32ADEE00E904C6 /* Components */ = {
			isa = PBXGroup;
			children = (
				6C2D5B7A2D32C2A800E904C6 /* Buy */,
				6C2D5B7D2D32C2AA00E904C6 /* Sell */,
				6C2D5B652D32B47B00E904C6 /* RegisterImage.swift */,
				6C2D5B672D32B51200E904C6 /* RegisterGenre.swift */,
				6C2D5B692D32B62000E904C6 /* RegisterTitle.swift */,
				6C2D5B6B2D32B7E300E904C6 /* RegisterDescription.swift */,
				6C3581242D36A532002AEDED /* RegisterSearch.swift */,
			);
			path = Components;
			sourceTree = "<group>";
		};
		6C2D5B7A2D32C2A800E904C6 /* Buy */ = {
			isa = PBXGroup;
			children = (
				6C2D5B792D32C2A800E904C6 /* RegisterBuyHeader.swift */,
				6C7179A12D36955C00481622 /* RegisterBuyPrice.swift */,
			);
			path = Buy;
			sourceTree = "<group>";
		};
		6C2D5B7D2D32C2AA00E904C6 /* Sell */ = {
			isa = PBXGroup;
			children = (
				6C2D5B7C2D32C2AA00E904C6 /* RegisterSellHeader.swift */,
				6C2D5B712D32BB9F00E904C6 /* RegisterSellPrice.swift */,
				6C2D5B732D32BD8C00E904C6 /* RegisterDeliveryCharge.swift */,
				6C2D5B6F2D32B9BE00E904C6 /* RegisterProductState.swift */,
			);
			path = Sell;
			sourceTree = "<group>";
		};
		D00CF64F2D3E797E00F48230 /* Model */ = {
			isa = PBXGroup;
			children = (
				D00CF64E2D3E797E00F48230 /* MarketModel.swift */,
			);
			path = Model;
			sourceTree = "<group>";
		};
		D00CF6512D3E797E00F48230 /* View */ = {
			isa = PBXGroup;
			children = (
				D00CF6502D3E797E00F48230 /* MarketView.swift */,
			);
			path = View;
			sourceTree = "<group>";
		};
		D00CF6522D3E797E00F48230 /* Market */ = {
			isa = PBXGroup;
			children = (
				D00CF64F2D3E797E00F48230 /* Model */,
				D00CF6512D3E797E00F48230 /* View */,
			);
			path = Market;
			sourceTree = "<group>";
		};
		D01CBA822D414E7C00F6FE51 /* Model */ = {
			isa = PBXGroup;
			children = (
				D01CBA812D414E7C00F6FE51 /* ProductSearchModel.swift */,
			);
			path = Model;
			sourceTree = "<group>";
		};
		D02CAB5F2D34EB9300B0D93F /* SegmentedControl */ = {
			isa = PBXGroup;
			children = (
				D02CAB602D34EB9C00B0D93F /* NZSegmentedControl.swift */,
			);
			path = SegmentedControl;
			sourceTree = "<group>";
		};
		D079724A2D3F6F3B00CF97E4 /* Base */ = {
			isa = PBXGroup;
			children = (
				D07972502D3F6F9D00CF97E4 /* BaseTargetType.swift */,
				D07972512D3F6F9D00CF97E4 /* BaseService.swift */,
				D07972522D3F6F9D00CF97E4 /* MoyaPlugin.swift */,
				D07972532D3F6F9D00CF97E4 /* NetworkService.swift */,
				D07972542D3F6F9D00CF97E4 /* NetworkResult.swift */,
			);
			path = Base;
			sourceTree = "<group>";
		};
		D079725C2D3F73B800CF97E4 /* Genre */ = {
			isa = PBXGroup;
			children = (
				D07972602D3F749000CF97E4 /* DTO */,
				D07972682D3F74CB00CF97E4 /* GenreAPI.swift */,
				D07972662D3F74C100CF97E4 /* GenreService.swift */,
			);
			path = Genre;
			sourceTree = "<group>";
		};
		D079725D2D3F73CB00CF97E4 /* Store */ = {
			isa = PBXGroup;
			children = (
				D07972782D3F750500CF97E4 /* DTO */,
				D07972742D3F74FC00CF97E4 /* StoreAPI.swift */,
				D07972722D3F74F600CF97E4 /* StoreService.swift */,
			);
			path = Store;
			sourceTree = "<group>";
		};
		D079725E2D3F73EC00CF97E4 /* Product */ = {
			isa = PBXGroup;
			children = (
				D07972772D3F750400CF97E4 /* DTO */,
				D07972702D3F74EF00CF97E4 /* ProductAPI.swift */,
				D079726E2D3F74E500CF97E4 /* ProductService.swift */,
			);
			path = Product;
			sourceTree = "<group>";
		};
		D079725F2D3F73F200CF97E4 /* Like */ = {
			isa = PBXGroup;
			children = (
				D079726C2D3F74DE00CF97E4 /* LikeAPI.swift */,
				D079726A2D3F74D700CF97E4 /* LikeService.swift */,
			);
			path = Like;
			sourceTree = "<group>";
		};
		D07972602D3F749000CF97E4 /* DTO */ = {
			isa = PBXGroup;
			children = (
				D079727A2D3F752200CF97E4 /* Response */,
			);
			path = DTO;
			sourceTree = "<group>";
		};
		D07972772D3F750400CF97E4 /* DTO */ = {
			isa = PBXGroup;
			children = (
				D079727D2D3F752D00CF97E4 /* Request */,
				D079727E2D3F752D00CF97E4 /* Response */,
			);
			path = DTO;
			sourceTree = "<group>";
		};
		D07972782D3F750500CF97E4 /* DTO */ = {
			isa = PBXGroup;
			children = (
				D079727F2D3F752F00CF97E4 /* Request */,
				D07972802D3F752F00CF97E4 /* Response */,
			);
			path = DTO;
			sourceTree = "<group>";
		};
		D079727A2D3F752200CF97E4 /* Response */ = {
			isa = PBXGroup;
			children = (
				D07972812D3F776100CF97E4 /* PreferGenreResponseDTO.swift */,
				D07972882D3F78BA00CF97E4 /* GenreNameResponseDTO.swift */,
			);
			path = Response;
			sourceTree = "<group>";
		};
		D079727D2D3F752D00CF97E4 /* Request */ = {
			isa = PBXGroup;
			children = (
				D07972922D3F85D500CF97E4 /* RegisterProductRequestDTO.swift */,
			);
			path = Request;
			sourceTree = "<group>";
		};
		D079727E2D3F752D00CF97E4 /* Response */ = {
			isa = PBXGroup;
			children = (
				D079728A2D3F794700CF97E4 /* BannerResponseDTO.swift */,
				D079728E2D3F7A4200CF97E4 /* ProductResponseDTO.swift */,
				D07972902D3F7CC600CF97E4 /* ProductDetailResponseDTO.swift */,
				D07972942D3F86DB00CF97E4 /* RegisterProductResponseDTO.swift */,
				D07972982D3F88B100CF97E4 /* ChatInfoResponseDTO.swift */,
			);
			path = Response;
			sourceTree = "<group>";
		};
		D079727F2D3F752F00CF97E4 /* Request */ = {
			isa = PBXGroup;
			children = (
				D079729A2D3F896900CF97E4 /* RegisterPreferGenreRequestDTO.swift */,
			);
			path = Request;
			sourceTree = "<group>";
		};
		D07972802D3F752F00CF97E4 /* Response */ = {
			isa = PBXGroup;
			children = (
				D079729C2D3F8A0100CF97E4 /* RegisterPreferGenreResponseDTO.swift */,
				D079729E2D3F8A6D00CF97E4 /* MyPageInfoResponseDTO.swift */,
				D07972A02D3F8C2B00CF97E4 /* StoreInfoResponseDTO.swift */,
			);
			path = Response;
			sourceTree = "<group>";
		};
		D0A31D9E2D37D7C500A92FBA /* ProductItem */ = {
			isa = PBXGroup;
			children = (
				D0A31D9F2D37D7F100A92FBA /* ProductModel.swift */,
				D02CAB5B2D34A9C200B0D93F /* ProductItemView.swift */,
			);
			path = ProductItem;
			sourceTree = "<group>";
		};
		D0AA20E42D2C0A56004CC2E6 /* Application */ = {
			isa = PBXGroup;
			children = (
				D0AA20E92D2C0A56004CC2E6 /* Napzakmarket_iOSApp.swift */,
				D0AA20E62D2C0A56004CC2E6 /* Preview Content */,
			);
			path = Application;
			sourceTree = "<group>";
		};
		D0AA20E62D2C0A56004CC2E6 /* Preview Content */ = {
			isa = PBXGroup;
			children = (
				D0AA20E52D2C0A56004CC2E6 /* Preview Assets.xcassets */,
			);
			path = "Preview Content";
			sourceTree = "<group>";
		};
		D0AA20EA2D2C0A56004CC2E6 /* Napzakmarket-iOS */ = {
			isa = PBXGroup;
			children = (
				D0AA21372D2D00A3004CC2E6 /* Info.plist */,
				D0AA20E42D2C0A56004CC2E6 /* Application */,
				D0AA20EF2D2C0A8E004CC2E6 /* Global */,
				D0AA20F52D2C0B03004CC2E6 /* Network */,
				D0AA20F62D2C0B15004CC2E6 /* Presentation */,
			);
			path = "Napzakmarket-iOS";
			sourceTree = "<group>";
		};
		D0AA20EF2D2C0A8E004CC2E6 /* Global */ = {
			isa = PBXGroup;
			children = (
				D63F2FD42D39067E00C1C7D1 /* Core */,
				D0AA20F42D2C0AC6004CC2E6 /* Modifiers */,
				D0AA20F32D2C0ABE004CC2E6 /* Extensions */,
				D0AA20F22D2C0AB9004CC2E6 /* Components */,
				D0AA20F12D2C0AAE004CC2E6 /* Literals */,
				D0AA20F02D2C0A9C004CC2E6 /* Resources */,
			);
			path = Global;
			sourceTree = "<group>";
		};
		D0AA20F02D2C0A9C004CC2E6 /* Resources */ = {
			isa = PBXGroup;
			children = (
				D63F2FCD2D38D68400C1C7D1 /* Animation */,
				D0AA211F2D2C0CB9004CC2E6 /* Fonts */,
				D61342522D3A92B800E65EFD /* Assets.xcassets */,
			);
			path = Resources;
			sourceTree = "<group>";
		};
		D0AA20F12D2C0AAE004CC2E6 /* Literals */ = {
			isa = PBXGroup;
			children = (
				D07A11F72D301BE300749962 /* ColorLiteral.swift */,
				D0AA21352D2CFF99004CC2E6 /* FontLiterial.swift */,
			);
			path = Literals;
			sourceTree = "<group>";
		};
		D0AA20F22D2C0AB9004CC2E6 /* Components */ = {
			isa = PBXGroup;
			children = (
				D0A31D9E2D37D7C500A92FBA /* ProductItem */,
				D02CAB5F2D34EB9300B0D93F /* SegmentedControl */,
				D6C6751D2D33024B00DE6B4D /* SearchBar.swift */,
			);
			path = Components;
			sourceTree = "<group>";
		};
		D0AA20F32D2C0ABE004CC2E6 /* Extensions */ = {
			isa = PBXGroup;
			children = (
				6C693D122D2D7C2600758C6A /* TextField+.swift */,
				6C693D142D2E4D9200758C6A /* TextEditor+.swift */,
				D07B6F292D30017B00500B92 /* View+.swift */,
				6C71799D2D36118B00481622 /* String+.swift */,
				D61342752D40345300E65EFD /* Encodable+.swift */,
			);
			path = Extensions;
			sourceTree = "<group>";
		};
		D0AA20F42D2C0AC6004CC2E6 /* Modifiers */ = {
			isa = PBXGroup;
			children = (
				D07B6F272D30000900500B92 /* NapzakTextStyleModifier.swift */,
			);
			path = Modifiers;
			sourceTree = "<group>";
		};
		D0AA20F52D2C0B03004CC2E6 /* Network */ = {
			isa = PBXGroup;
			children = (
				D079724A2D3F6F3B00CF97E4 /* Base */,
				D079725C2D3F73B800CF97E4 /* Genre */,
				D079725F2D3F73F200CF97E4 /* Like */,
				D079725E2D3F73EC00CF97E4 /* Product */,
				D079725D2D3F73CB00CF97E4 /* Store */,
				D6C6750C2D32A50700DE6B4D /* OnboardingMock */,
				6C0E0DE32D40A3D90022C139 /* Presigned */,
			);
			path = Network;
			sourceTree = "<group>";
		};
		D0AA20F62D2C0B15004CC2E6 /* Presentation */ = {
			isa = PBXGroup;
			children = (
				D0AA20E82D2C0A56004CC2E6 /* ContentView.swift */,
				D63F2FCB2D369B9C00C1C7D1 /* AppEntryView.swift */,
				D0AA211A2D2C0C90004CC2E6 /* Splash */,
				D0AA21152D2C0C68004CC2E6 /* Onboarding */,
				D0AA21102D2C0C50004CC2E6 /* Home */,
				D0AA210B2D2C0C34004CC2E6 /* Search */,
				6C2D5B5D2D32AD2800E904C6 /* Register */,
				3C4F98072D3962100070BC7D /* Chat */,
				D0AA21062D2C0C04004CC2E6 /* ProductDetail */,
				D0AA20FC2D2C0BC7004CC2E6 /* Mypage */,
				D0AA20F72D2C0B77004CC2E6 /* Tabbar */,
				D00CF6522D3E797E00F48230 /* Market */,
			);
			path = Presentation;
			sourceTree = "<group>";
		};
		D0AA20F72D2C0B77004CC2E6 /* Tabbar */ = {
			isa = PBXGroup;
			children = (
				D0AA20F92D2C0B8A004CC2E6 /* Model */,
				D0AA20F82D2C0B83004CC2E6 /* View */,
			);
			path = Tabbar;
			sourceTree = "<group>";
		};
		D0AA20F82D2C0B83004CC2E6 /* View */ = {
			isa = PBXGroup;
			children = (
				D0AA20FA2D2C0B96004CC2E6 /* TabBarView.swift */,
				3CF80CED2D34357300E8DE1F /* PreView.swift */,
				3CF80DC32D36A45300E8DE1F /* ReadyView.swift */,
			);
			path = View;
			sourceTree = "<group>";
		};
		D0AA20F92D2C0B8A004CC2E6 /* Model */ = {
			isa = PBXGroup;
			children = (
				3CF80CEF2D3435A000E8DE1F /* TabBarModel.swift */,
			);
			path = Model;
			sourceTree = "<group>";
		};
		D0AA20FC2D2C0BC7004CC2E6 /* Mypage */ = {
			isa = PBXGroup;
			children = (
				D0AA21002D2C0BE6004CC2E6 /* Model */,
				D0AA20FD2D2C0BCF004CC2E6 /* View */,
			);
			path = Mypage;
			sourceTree = "<group>";
		};
		D0AA20FD2D2C0BCF004CC2E6 /* View */ = {
			isa = PBXGroup;
			children = (
				3CF80DBF2D3696F300E8DE1F /* MypageView.swift */,
			);
			path = View;
			sourceTree = "<group>";
		};
		D0AA21002D2C0BE6004CC2E6 /* Model */ = {
			isa = PBXGroup;
			children = (
				3CF80DC12D3697C000E8DE1F /* MyPageFeature.swift */,
			);
			path = Model;
			sourceTree = "<group>";
		};
		D0AA21062D2C0C04004CC2E6 /* ProductDetail */ = {
			isa = PBXGroup;
			children = (
				D0AA210A2D2C0C1B004CC2E6 /* Model */,
				D0AA21072D2C0C0F004CC2E6 /* View */,
			);
			path = ProductDetail;
			sourceTree = "<group>";
		};
		D0AA21072D2C0C0F004CC2E6 /* View */ = {
			isa = PBXGroup;
			children = (
				D0AA21082D2C0C15004CC2E6 /* ProductDetailView.swift */,
			);
			path = View;
			sourceTree = "<group>";
		};
		D0AA210A2D2C0C1B004CC2E6 /* Model */ = {
			isa = PBXGroup;
			children = (
				D08F4E832D3A6E3B004093FC /* ProductDetailModel.swift */,
			);
			path = Model;
			sourceTree = "<group>";
		};
		D0AA210B2D2C0C34004CC2E6 /* Search */ = {
			isa = PBXGroup;
			children = (
				D01CBA822D414E7C00F6FE51 /* Model */,
				D0AA210C2D2C0C3E004CC2E6 /* View */,
			);
			path = Search;
			sourceTree = "<group>";
		};
		D0AA210C2D2C0C3E004CC2E6 /* View */ = {
			isa = PBXGroup;
			children = (
				D0C26EB52D3797920014EB4C /* Modal */,
				D0AA210D2D2C0C42004CC2E6 /* SearchView.swift */,
				D0283BA52D3D6CF8002F302A /* SearchInputView.swift */,
			);
			path = View;
			sourceTree = "<group>";
		};
		D0AA21102D2C0C50004CC2E6 /* Home */ = {
			isa = PBXGroup;
			children = (
				D0AA21142D2C0C63004CC2E6 /* Model */,
				D0AA21112D2C0C58004CC2E6 /* View */,
			);
			path = Home;
			sourceTree = "<group>";
		};
		D0AA21112D2C0C58004CC2E6 /* View */ = {
			isa = PBXGroup;
			children = (
				D6F528C42D3650A300D1F7A8 /* HomeView.swift */,
			);
			path = View;
			sourceTree = "<group>";
		};
		D0AA21142D2C0C63004CC2E6 /* Model */ = {
			isa = PBXGroup;
			children = (
				D61342772D40C90600E65EFD /* HomeModel.swift */,
			);
			path = Model;
			sourceTree = "<group>";
		};
		D0AA21152D2C0C68004CC2E6 /* Onboarding */ = {
			isa = PBXGroup;
			children = (
				D0AA21192D2C0C80004CC2E6 /* Model */,
				D0AA21162D2C0C74004CC2E6 /* View */,
			);
			path = Onboarding;
			sourceTree = "<group>";
		};
		D0AA21162D2C0C74004CC2E6 /* View */ = {
			isa = PBXGroup;
			children = (
				D6F528C22D36503B00D1F7A8 /* OnboardingView.swift */,
				D6F528A52D362AB400D1F7A8 /* Chip */,
				D6F528BF2D36468C00D1F7A8 /* Genre */,
			);
			path = View;
			sourceTree = "<group>";
		};
		D0AA21192D2C0C80004CC2E6 /* Model */ = {
			isa = PBXGroup;
			children = (
				D6C6751B2D32F30100DE6B4D /* GenreModel.swift */,
			);
			path = Model;
			sourceTree = "<group>";
		};
		D0AA211A2D2C0C90004CC2E6 /* Splash */ = {
			isa = PBXGroup;
			children = (
				D0AA211E2D2C0C9F004CC2E6 /* Model */,
				D0AA211B2D2C0C95004CC2E6 /* View */,
			);
			path = Splash;
			sourceTree = "<group>";
		};
		D0AA211B2D2C0C95004CC2E6 /* View */ = {
			isa = PBXGroup;
			children = (
				D63F2FD02D38D92B00C1C7D1 /* SplashView.swift */,
			);
			path = View;
			sourceTree = "<group>";
		};
		D0AA211E2D2C0C9F004CC2E6 /* Model */ = {
			isa = PBXGroup;
			children = (
			);
			path = Model;
			sourceTree = "<group>";
		};
		D0AA211F2D2C0CB9004CC2E6 /* Fonts */ = {
			isa = PBXGroup;
			children = (
				D0AA212F2D2CFF0E004CC2E6 /* Pretendard-Bold.otf */,
				D0AA21302D2CFF0E004CC2E6 /* Pretendard-Medium.otf */,
				D0AA21312D2CFF0E004CC2E6 /* Pretendard-SemiBold.otf */,
			);
			path = Fonts;
			sourceTree = "<group>";
		};
		D0C26EB52D3797920014EB4C /* Modal */ = {
			isa = PBXGroup;
			children = (
				D0C26EB62D3797980014EB4C /* SortModalView.swift */,
				D0A736192D380F1400EF2CF9 /* GenreFilterModalView.swift */,
			);
			path = Modal;
			sourceTree = "<group>";
		};
		D0C2A8ED2D2AA38E00C8616B = {
			isa = PBXGroup;
			children = (
				3CB7AFE52D3FD87D00F3A251 /* Config.xcconfig */,
				D0AA20EA2D2C0A56004CC2E6 /* Napzakmarket-iOS */,
				D0C2A8F72D2AA38E00C8616B /* Products */,
			);
			sourceTree = "<group>";
		};
		D0C2A8F72D2AA38E00C8616B /* Products */ = {
			isa = PBXGroup;
			children = (
				D0C2A8F62D2AA38E00C8616B /* Napzakmarket-iOS.app */,
			);
			name = Products;
			sourceTree = "<group>";
		};
		D63F2FCD2D38D68400C1C7D1 /* Animation */ = {
			isa = PBXGroup;
			children = (
				D63F2FCE2D38D6A300C1C7D1 /* splash(ios).json */,
			);
			path = Animation;
			sourceTree = "<group>";
		};
		D63F2FD42D39067E00C1C7D1 /* Core */ = {
			isa = PBXGroup;
			children = (
				D63F2FD22D38E7BA00C1C7D1 /* AppState.swift */,
			);
			path = Core;
			sourceTree = "<group>";
		};
		D6C6750C2D32A50700DE6B4D /* OnboardingMock */ = {
			isa = PBXGroup;
			children = (
				D6C675142D32B53A00DE6B4D /* Base */,
				D6C6750F2D32AB4700DE6B4D /* Entities */,
				D6C675152D32BBDB00DE6B4D /* Resources */,
				D6C675102D32AD1700DE6B4D /* MockGenreService.swift */,
			);
			path = OnboardingMock;
			sourceTree = "<group>";
		};
		D6C6750F2D32AB4700DE6B4D /* Entities */ = {
			isa = PBXGroup;
			children = (
				D6C6750D2D32A5BB00DE6B4D /* Genre.swift */,
			);
			path = Entities;
			sourceTree = "<group>";
		};
		D6C675142D32B53A00DE6B4D /* Base */ = {
			isa = PBXGroup;
			children = (
				D6C675122D32B4B900DE6B4D /* APIResponse.swift */,
				D6C675192D32C27800DE6B4D /* MockGenreError.swift */,
			);
			path = Base;
			sourceTree = "<group>";
		};
		D6C675152D32BBDB00DE6B4D /* Resources */ = {
			isa = PBXGroup;
			children = (
				D6C675162D32BC5400DE6B4D /* mock_genres_39.json */,
			);
			path = Resources;
			sourceTree = "<group>";
		};
		D6F528A52D362AB400D1F7A8 /* Chip */ = {
			isa = PBXGroup;
			children = (
				D6F528A62D362ABF00D1F7A8 /* GenreChip.swift */,
				D6F528A82D363B3300D1F7A8 /* ChipsContainerView.swift */,
			);
			path = Chip;
			sourceTree = "<group>";
		};
		D6F528BF2D36468C00D1F7A8 /* Genre */ = {
			isa = PBXGroup;
			children = (
				D6F5288C2D3410C900D1F7A8 /* GenreCell.swift */,
				D6F528C02D3646A900D1F7A8 /* GenreGridView.swift */,
			);
			path = Genre;
			sourceTree = "<group>";
		};
/* End PBXGroup section */

/* Begin PBXNativeTarget section */
		D0C2A8F52D2AA38E00C8616B /* Napzakmarket-iOS */ = {
			isa = PBXNativeTarget;
			buildConfigurationList = D0C2A9042D2AA39100C8616B /* Build configuration list for PBXNativeTarget "Napzakmarket-iOS" */;
			buildPhases = (
				D0C2A8F22D2AA38E00C8616B /* Sources */,
				D0C2A8F32D2AA38E00C8616B /* Frameworks */,
				D0C2A8F42D2AA38E00C8616B /* Resources */,
			);
			buildRules = (
			);
			dependencies = (
			);
			name = "Napzakmarket-iOS";
			packageProductDependencies = (
				D0AA21212D2C10CC004CC2E6 /* Moya */,
				D0AA21242D2C10E5004CC2E6 /* Kingfisher */,
				D0AA21272D2C1169004CC2E6 /* Lottie */,
			);
			productName = "Napzakmarket-iOS";
			productReference = D0C2A8F62D2AA38E00C8616B /* Napzakmarket-iOS.app */;
			productType = "com.apple.product-type.application";
		};
/* End PBXNativeTarget section */

/* Begin PBXProject section */
		D0C2A8EE2D2AA38E00C8616B /* Project object */ = {
			isa = PBXProject;
			attributes = {
				BuildIndependentTargetsInParallel = 1;
				LastSwiftUpdateCheck = 1600;
				LastUpgradeCheck = 1620;
				TargetAttributes = {
					D0C2A8F52D2AA38E00C8616B = {
						CreatedOnToolsVersion = 16.0;
					};
				};
			};
			buildConfigurationList = D0C2A8F12D2AA38E00C8616B /* Build configuration list for PBXProject "Napzakmarket-iOS" */;
			developmentRegion = en;
			hasScannedForEncodings = 0;
			knownRegions = (
				en,
				Base,
			);
			mainGroup = D0C2A8ED2D2AA38E00C8616B;
			minimizedProjectReferenceProxies = 1;
			packageReferences = (
				D0AA21202D2C10CC004CC2E6 /* XCRemoteSwiftPackageReference "Moya" */,
				D0AA21232D2C10E5004CC2E6 /* XCRemoteSwiftPackageReference "Kingfisher" */,
				D0AA21262D2C1169004CC2E6 /* XCRemoteSwiftPackageReference "lottie-ios" */,
			);
			preferredProjectObjectVersion = 77;
			productRefGroup = D0C2A8F72D2AA38E00C8616B /* Products */;
			projectDirPath = "";
			projectRoot = "";
			targets = (
				D0C2A8F52D2AA38E00C8616B /* Napzakmarket-iOS */,
			);
		};
/* End PBXProject section */

/* Begin PBXResourcesBuildPhase section */
		D0C2A8F42D2AA38E00C8616B /* Resources */ = {
			isa = PBXResourcesBuildPhase;
			buildActionMask = 2147483647;
			files = (
				D0AA20EB2D2C0A56004CC2E6 /* Preview Assets.xcassets in Resources */,
				D63F2FCF2D38D6A300C1C7D1 /* splash(ios).json in Resources */,
				D0AA21322D2CFF0E004CC2E6 /* Pretendard-Bold.otf in Resources */,
				D0AA21332D2CFF0E004CC2E6 /* Pretendard-SemiBold.otf in Resources */,
				D61342532D3A92B800E65EFD /* Assets.xcassets in Resources */,
				D0AA21342D2CFF0E004CC2E6 /* Pretendard-Medium.otf in Resources */,
				D6C675182D32BC5400DE6B4D /* mock_genres_39.json in Resources */,
			);
			runOnlyForDeploymentPostprocessing = 0;
		};
/* End PBXResourcesBuildPhase section */

/* Begin PBXSourcesBuildPhase section */
		D0C2A8F22D2AA38E00C8616B /* Sources */ = {
			isa = PBXSourcesBuildPhase;
			buildActionMask = 2147483647;
			files = (
				6C6729792D41230700452B62 /* Encodable+.swift in Sources */,
				D079728F2D3F7A4200CF97E4 /* ProductResponseDTO.swift in Sources */,
				6C412F5D2D37DFC200998B27 /* TabBarView.swift in Sources */,
				6C412F5C2D37DFB700998B27 /* ProductDetailView.swift in Sources */,
				6C412F5B2D37DFA600998B27 /* SearchView.swift in Sources */,
				6C0E0DED2D40A4170022C139 /* PresignedService.swift in Sources */,
				6C412F5A2D37DF9200998B27 /* TextEditor+.swift in Sources */,
				D07972952D3F86DB00CF97E4 /* RegisterProductResponseDTO.swift in Sources */,
				D6F528C52D3650A300D1F7A8 /* HomeView.swift in Sources */,
				D07972752D3F750000CF97E4 /* StoreAPI.swift in Sources */,
				D6F528A92D363B3300D1F7A8 /* ChipsContainerView.swift in Sources */,
				D63F2FD32D38E7BA00C1C7D1 /* AppState.swift in Sources */,
				D6C675112D32AD1700DE6B4D /* MockGenreService.swift in Sources */,
				6C0E0DEF2D40A4590022C139 /* PresignedRequestDTO.swift in Sources */,
				6C2D5B662D32B47B00E904C6 /* RegisterImage.swift in Sources */,
				3CF80DC22D3697C900E8DE1F /* MyPageFeature.swift in Sources */,
				6C2D5B6A2D32B62000E904C6 /* RegisterTitle.swift in Sources */,
				D02CAB612D34EBAB00B0D93F /* NZSegmentedControl.swift in Sources */,
				D0283BA62D3D6D07002F302A /* SearchInputView.swift in Sources */,
				6C2D5B7B2D32C2A800E904C6 /* RegisterBuyHeader.swift in Sources */,
				D0A7361A2D380F1C00EF2CF9 /* GenreFilterModalView.swift in Sources */,
				6C693D132D2D7C2600758C6A /* TextField+.swift in Sources */,
				3CF80DC02D3696F300E8DE1F /* MypageView.swift in Sources */,
				D079726D2D3F74E200CF97E4 /* LikeAPI.swift in Sources */,
				D63F2FCC2D369B9C00C1C7D1 /* AppEntryView.swift in Sources */,
				6CA556E42D38E11700AD1CF6 /* RegisterModel.swift in Sources */,
				D6C6750E2D32A5BB00DE6B4D /* Genre.swift in Sources */,
				D6F528A72D362ABF00D1F7A8 /* GenreChip.swift in Sources */,
				D6F528C32D36503B00D1F7A8 /* OnboardingView.swift in Sources */,
				6C0E0DF12D40A4630022C139 /* PresignedResponseDTO.swift in Sources */,
				D07972822D3F776F00CF97E4 /* PreferGenreResponseDTO.swift in Sources */,
				D6F5288D2D3410C900D1F7A8 /* GenreCell.swift in Sources */,
				D6C6751A2D32C27800DE6B4D /* MockGenreError.swift in Sources */,
				6C2D5B722D32BB9F00E904C6 /* RegisterSellPrice.swift in Sources */,
				D02CAB5C2D34A9CC00B0D93F /* ProductItemView.swift in Sources */,
				3CF80CEE2D34357300E8DE1F /* PreView.swift in Sources */,
				D63F2FD12D38D92B00C1C7D1 /* SplashView.swift in Sources */,
				D079726F2D3F74EC00CF97E4 /* ProductService.swift in Sources */,
				3CF80DC42D36A45300E8DE1F /* ReadyView.swift in Sources */,
				D07A11F82D301BF400749962 /* ColorLiteral.swift in Sources */,
				D07972912D3F7CC600CF97E4 /* ProductDetailResponseDTO.swift in Sources */,
				D6C675132D32B4B900DE6B4D /* APIResponse.swift in Sources */,
				D6C6751C2D32F30100DE6B4D /* GenreModel.swift in Sources */,
				D6F528C12D3646A900D1F7A8 /* GenreGridView.swift in Sources */,
				D079729F2D3F8A6D00CF97E4 /* MyPageInfoResponseDTO.swift in Sources */,
				D61342782D40C90600E65EFD /* HomeModel.swift in Sources */,
				D6C6751E2D33024B00DE6B4D /* SearchBar.swift in Sources */,
				D08F4E842D3A6E43004093FC /* ProductDetailModel.swift in Sources */,
				D00CF6532D3E797F00F48230 /* MarketModel.swift in Sources */,
				D00CF6542D3E797F00F48230 /* MarketView.swift in Sources */,
				6C7179A22D36955C00481622 /* RegisterBuyPrice.swift in Sources */,
				D079729D2D3F8A0100CF97E4 /* RegisterPreferGenreResponseDTO.swift in Sources */,
				D07972932D3F85E100CF97E4 /* RegisterProductRequestDTO.swift in Sources */,
				6C2D5B7E2D32C2AA00E904C6 /* RegisterSellHeader.swift in Sources */,
				D07972A12D3F8C2B00CF97E4 /* StoreInfoResponseDTO.swift in Sources */,
				6C2D5B702D32B9BE00E904C6 /* RegisterProductState.swift in Sources */,
				D07972992D3F88B100CF97E4 /* ChatInfoResponseDTO.swift in Sources */,
				D0A31DA02D37D7F700A92FBA /* ProductModel.swift in Sources */,
				6C2D5B802D32CE7900E904C6 /* BuyRegisterView.swift in Sources */,
				D07972892D3F78BA00CF97E4 /* GenreNameResponseDTO.swift in Sources */,
				D07972672D3F74C500CF97E4 /* GenreService.swift in Sources */,
				D07972552D3F6F9D00CF97E4 /* BaseService.swift in Sources */,
				D07972562D3F6F9D00CF97E4 /* BaseTargetType.swift in Sources */,
				D07972732D3F74F900CF97E4 /* StoreService.swift in Sources */,
				6C0E0DEB2D40A4050022C139 /* PresignedAPI.swift in Sources */,
				D07972572D3F6F9D00CF97E4 /* MoyaPlugin.swift in Sources */,
				D079728B2D3F794700CF97E4 /* BannerResponseDTO.swift in Sources */,
				D079726B2D3F74DB00CF97E4 /* LikeService.swift in Sources */,
				D07972582D3F6F9D00CF97E4 /* NetworkService.swift in Sources */,
				D07972592D3F6F9D00CF97E4 /* NetworkResult.swift in Sources */,
				D07B6F2A2D30017E00500B92 /* View+.swift in Sources */,
				D0AA20ED2D2C0A56004CC2E6 /* ContentView.swift in Sources */,
				6C2D5B742D32BD8C00E904C6 /* RegisterDeliveryCharge.swift in Sources */,
				D0AA20EE2D2C0A56004CC2E6 /* Napzakmarket_iOSApp.swift in Sources */,
				D07972692D3F74D000CF97E4 /* GenreAPI.swift in Sources */,
				6C2D5B6C2D32B7E300E904C6 /* RegisterDescription.swift in Sources */,
				D01CBA832D414E7C00F6FE51 /* ProductSearchModel.swift in Sources */,
				D0AA21362D2CFF9F004CC2E6 /* FontLiterial.swift in Sources */,
				D0C26EB72D3797A10014EB4C /* SortModalView.swift in Sources */,
				6C2D5B682D32B51200E904C6 /* RegisterGenre.swift in Sources */,
				6C3581252D36A532002AEDED /* RegisterSearch.swift in Sources */,
				6C2D5B5E2D32AD2800E904C6 /* RegisterView.swift in Sources */,
				3C4F98082D3962100070BC7D /* ChatView.swift in Sources */,
				6C2D5B5F2D32AD2800E904C6 /* SellRegisterView.swift in Sources */,
				6C71799E2D36118B00481622 /* String+.swift in Sources */,
				D07B6F282D30001700500B92 /* NapzakTextStyleModifier.swift in Sources */,
				D079729B2D3F896900CF97E4 /* RegisterPreferGenreRequestDTO.swift in Sources */,
				D07972712D3F74F200CF97E4 /* ProductAPI.swift in Sources */,
				3CF80CF02D3435A000E8DE1F /* TabBarModel.swift in Sources */,
			);
			runOnlyForDeploymentPostprocessing = 0;
		};
/* End PBXSourcesBuildPhase section */

/* Begin PBXVariantGroup section */
		D6C675162D32BC5400DE6B4D /* mock_genres_39.json */ = {
			isa = PBXVariantGroup;
			children = (
				D6C675172D32BC5400DE6B4D /* en */,
			);
			name = mock_genres_39.json;
			sourceTree = "<group>";
		};
/* End PBXVariantGroup section */

/* Begin XCBuildConfiguration section */
		D0C2A9022D2AA39100C8616B /* Debug */ = {
			isa = XCBuildConfiguration;
			baseConfigurationReference = 3CB7AFE52D3FD87D00F3A251 /* Config.xcconfig */;
			buildSettings = {
				ALWAYS_SEARCH_USER_PATHS = NO;
				ASSETCATALOG_COMPILER_GENERATE_SWIFT_ASSET_SYMBOL_EXTENSIONS = YES;
				CLANG_ANALYZER_NONNULL = YES;
				CLANG_ANALYZER_NUMBER_OBJECT_CONVERSION = YES_AGGRESSIVE;
				CLANG_CXX_LANGUAGE_STANDARD = "gnu++20";
				CLANG_ENABLE_MODULES = YES;
				CLANG_ENABLE_OBJC_ARC = YES;
				CLANG_ENABLE_OBJC_WEAK = YES;
				CLANG_WARN_BLOCK_CAPTURE_AUTORELEASING = YES;
				CLANG_WARN_BOOL_CONVERSION = YES;
				CLANG_WARN_COMMA = YES;
				CLANG_WARN_CONSTANT_CONVERSION = YES;
				CLANG_WARN_DEPRECATED_OBJC_IMPLEMENTATIONS = YES;
				CLANG_WARN_DIRECT_OBJC_ISA_USAGE = YES_ERROR;
				CLANG_WARN_DOCUMENTATION_COMMENTS = YES;
				CLANG_WARN_EMPTY_BODY = YES;
				CLANG_WARN_ENUM_CONVERSION = YES;
				CLANG_WARN_INFINITE_RECURSION = YES;
				CLANG_WARN_INT_CONVERSION = YES;
				CLANG_WARN_NON_LITERAL_NULL_CONVERSION = YES;
				CLANG_WARN_OBJC_IMPLICIT_RETAIN_SELF = YES;
				CLANG_WARN_OBJC_LITERAL_CONVERSION = YES;
				CLANG_WARN_OBJC_ROOT_CLASS = YES_ERROR;
				CLANG_WARN_QUOTED_INCLUDE_IN_FRAMEWORK_HEADER = YES;
				CLANG_WARN_RANGE_LOOP_ANALYSIS = YES;
				CLANG_WARN_STRICT_PROTOTYPES = YES;
				CLANG_WARN_SUSPICIOUS_MOVE = YES;
				CLANG_WARN_UNGUARDED_AVAILABILITY = YES_AGGRESSIVE;
				CLANG_WARN_UNREACHABLE_CODE = YES;
				CLANG_WARN__DUPLICATE_METHOD_MATCH = YES;
				COPY_PHASE_STRIP = NO;
				DEBUG_INFORMATION_FORMAT = dwarf;
				ENABLE_STRICT_OBJC_MSGSEND = YES;
				ENABLE_TESTABILITY = YES;
				ENABLE_USER_SCRIPT_SANDBOXING = YES;
				GCC_C_LANGUAGE_STANDARD = gnu17;
				GCC_DYNAMIC_NO_PIC = NO;
				GCC_NO_COMMON_BLOCKS = YES;
				GCC_OPTIMIZATION_LEVEL = 0;
				GCC_PREPROCESSOR_DEFINITIONS = (
					"DEBUG=1",
					"$(inherited)",
				);
				GCC_WARN_64_TO_32_BIT_CONVERSION = YES;
				GCC_WARN_ABOUT_RETURN_TYPE = YES_ERROR;
				GCC_WARN_UNDECLARED_SELECTOR = YES;
				GCC_WARN_UNINITIALIZED_AUTOS = YES_AGGRESSIVE;
				GCC_WARN_UNUSED_FUNCTION = YES;
				GCC_WARN_UNUSED_VARIABLE = YES;
				IPHONEOS_DEPLOYMENT_TARGET = 18.0;
				LOCALIZATION_PREFERS_STRING_CATALOGS = YES;
				MTL_ENABLE_DEBUG_INFO = INCLUDE_SOURCE;
				MTL_FAST_MATH = YES;
				ONLY_ACTIVE_ARCH = YES;
				SDKROOT = iphoneos;
				SWIFT_ACTIVE_COMPILATION_CONDITIONS = "DEBUG $(inherited)";
				SWIFT_OPTIMIZATION_LEVEL = "-Onone";
			};
			name = Debug;
		};
		D0C2A9032D2AA39100C8616B /* Release */ = {
			isa = XCBuildConfiguration;
			baseConfigurationReference = 3CB7AFE52D3FD87D00F3A251 /* Config.xcconfig */;
			buildSettings = {
				ALWAYS_SEARCH_USER_PATHS = NO;
				ASSETCATALOG_COMPILER_GENERATE_SWIFT_ASSET_SYMBOL_EXTENSIONS = YES;
				CLANG_ANALYZER_NONNULL = YES;
				CLANG_ANALYZER_NUMBER_OBJECT_CONVERSION = YES_AGGRESSIVE;
				CLANG_CXX_LANGUAGE_STANDARD = "gnu++20";
				CLANG_ENABLE_MODULES = YES;
				CLANG_ENABLE_OBJC_ARC = YES;
				CLANG_ENABLE_OBJC_WEAK = YES;
				CLANG_WARN_BLOCK_CAPTURE_AUTORELEASING = YES;
				CLANG_WARN_BOOL_CONVERSION = YES;
				CLANG_WARN_COMMA = YES;
				CLANG_WARN_CONSTANT_CONVERSION = YES;
				CLANG_WARN_DEPRECATED_OBJC_IMPLEMENTATIONS = YES;
				CLANG_WARN_DIRECT_OBJC_ISA_USAGE = YES_ERROR;
				CLANG_WARN_DOCUMENTATION_COMMENTS = YES;
				CLANG_WARN_EMPTY_BODY = YES;
				CLANG_WARN_ENUM_CONVERSION = YES;
				CLANG_WARN_INFINITE_RECURSION = YES;
				CLANG_WARN_INT_CONVERSION = YES;
				CLANG_WARN_NON_LITERAL_NULL_CONVERSION = YES;
				CLANG_WARN_OBJC_IMPLICIT_RETAIN_SELF = YES;
				CLANG_WARN_OBJC_LITERAL_CONVERSION = YES;
				CLANG_WARN_OBJC_ROOT_CLASS = YES_ERROR;
				CLANG_WARN_QUOTED_INCLUDE_IN_FRAMEWORK_HEADER = YES;
				CLANG_WARN_RANGE_LOOP_ANALYSIS = YES;
				CLANG_WARN_STRICT_PROTOTYPES = YES;
				CLANG_WARN_SUSPICIOUS_MOVE = YES;
				CLANG_WARN_UNGUARDED_AVAILABILITY = YES_AGGRESSIVE;
				CLANG_WARN_UNREACHABLE_CODE = YES;
				CLANG_WARN__DUPLICATE_METHOD_MATCH = YES;
				COPY_PHASE_STRIP = NO;
				DEBUG_INFORMATION_FORMAT = "dwarf-with-dsym";
				ENABLE_NS_ASSERTIONS = NO;
				ENABLE_STRICT_OBJC_MSGSEND = YES;
				ENABLE_USER_SCRIPT_SANDBOXING = YES;
				GCC_C_LANGUAGE_STANDARD = gnu17;
				GCC_NO_COMMON_BLOCKS = YES;
				GCC_WARN_64_TO_32_BIT_CONVERSION = YES;
				GCC_WARN_ABOUT_RETURN_TYPE = YES_ERROR;
				GCC_WARN_UNDECLARED_SELECTOR = YES;
				GCC_WARN_UNINITIALIZED_AUTOS = YES_AGGRESSIVE;
				GCC_WARN_UNUSED_FUNCTION = YES;
				GCC_WARN_UNUSED_VARIABLE = YES;
				IPHONEOS_DEPLOYMENT_TARGET = 18.0;
				LOCALIZATION_PREFERS_STRING_CATALOGS = YES;
				MTL_ENABLE_DEBUG_INFO = NO;
				MTL_FAST_MATH = YES;
				SDKROOT = iphoneos;
				SWIFT_COMPILATION_MODE = wholemodule;
				VALIDATE_PRODUCT = YES;
			};
			name = Release;
		};
		D0C2A9052D2AA39100C8616B /* Debug */ = {
			isa = XCBuildConfiguration;
			baseConfigurationReference = 3CB7AFE52D3FD87D00F3A251 /* Config.xcconfig */;
			buildSettings = {
				ASSETCATALOG_COMPILER_APPICON_NAME = AppIcon;
				ASSETCATALOG_COMPILER_GLOBAL_ACCENT_COLOR_NAME = AccentColor;
				CODE_SIGN_IDENTITY = "Apple Development";
				CODE_SIGN_STYLE = Automatic;
				CURRENT_PROJECT_VERSION = 1;
				DEVELOPMENT_ASSET_PATHS = "\"Napzakmarket-iOS/Application/Preview Content\"";
				DEVELOPMENT_TEAM = "";
				ENABLE_PREVIEWS = YES;
				GENERATE_INFOPLIST_FILE = YES;
				INFOPLIST_FILE = "Napzakmarket-iOS/Info.plist";
				INFOPLIST_KEY_UIApplicationSceneManifest_Generation = YES;
				INFOPLIST_KEY_UIApplicationSupportsIndirectInputEvents = YES;
				INFOPLIST_KEY_UILaunchScreen_Generation = YES;
				INFOPLIST_KEY_UISupportedInterfaceOrientations_iPad = "UIInterfaceOrientationPortrait UIInterfaceOrientationPortraitUpsideDown UIInterfaceOrientationLandscapeLeft UIInterfaceOrientationLandscapeRight";
				INFOPLIST_KEY_UISupportedInterfaceOrientations_iPhone = "UIInterfaceOrientationPortrait UIInterfaceOrientationLandscapeLeft UIInterfaceOrientationLandscapeRight";
				IPHONEOS_DEPLOYMENT_TARGET = 16.0;
				LD_RUNPATH_SEARCH_PATHS = (
					"$(inherited)",
					"@executable_path/Frameworks",
				);
				MARKETING_VERSION = 1.0;
				PRODUCT_BUNDLE_IDENTIFIER = "napzak.Napzakmarket-iOS";
				PRODUCT_NAME = "$(TARGET_NAME)";
				PROVISIONING_PROFILE_SPECIFIER = "";
				SWIFT_EMIT_LOC_STRINGS = YES;
				SWIFT_VERSION = 5.0;
				TARGETED_DEVICE_FAMILY = "1,2";
			};
			name = Debug;
		};
		D0C2A9062D2AA39100C8616B /* Release */ = {
			isa = XCBuildConfiguration;
			baseConfigurationReference = 3CB7AFE52D3FD87D00F3A251 /* Config.xcconfig */;
			buildSettings = {
				ASSETCATALOG_COMPILER_APPICON_NAME = AppIcon;
				ASSETCATALOG_COMPILER_GLOBAL_ACCENT_COLOR_NAME = AccentColor;
				CODE_SIGN_IDENTITY = "Apple Development";
				CODE_SIGN_STYLE = Automatic;
				CURRENT_PROJECT_VERSION = 1;
				DEVELOPMENT_ASSET_PATHS = "\"Napzakmarket-iOS/Application/Preview Content\"";
				DEVELOPMENT_TEAM = "";
				ENABLE_PREVIEWS = YES;
				GENERATE_INFOPLIST_FILE = YES;
				INFOPLIST_FILE = "Napzakmarket-iOS/Info.plist";
				INFOPLIST_KEY_UIApplicationSceneManifest_Generation = YES;
				INFOPLIST_KEY_UIApplicationSupportsIndirectInputEvents = YES;
				INFOPLIST_KEY_UILaunchScreen_Generation = YES;
				INFOPLIST_KEY_UISupportedInterfaceOrientations_iPad = "UIInterfaceOrientationPortrait UIInterfaceOrientationPortraitUpsideDown UIInterfaceOrientationLandscapeLeft UIInterfaceOrientationLandscapeRight";
				INFOPLIST_KEY_UISupportedInterfaceOrientations_iPhone = "UIInterfaceOrientationPortrait UIInterfaceOrientationLandscapeLeft UIInterfaceOrientationLandscapeRight";
				IPHONEOS_DEPLOYMENT_TARGET = 16.0;
				LD_RUNPATH_SEARCH_PATHS = (
					"$(inherited)",
					"@executable_path/Frameworks",
				);
				MARKETING_VERSION = 1.0;
				PRODUCT_BUNDLE_IDENTIFIER = "napzak.Napzakmarket-iOS";
				PRODUCT_NAME = "$(TARGET_NAME)";
				PROVISIONING_PROFILE_SPECIFIER = "";
				SWIFT_EMIT_LOC_STRINGS = YES;
				SWIFT_VERSION = 5.0;
				TARGETED_DEVICE_FAMILY = "1,2";
			};
			name = Release;
		};
/* End XCBuildConfiguration section */

/* Begin XCConfigurationList section */
		D0C2A8F12D2AA38E00C8616B /* Build configuration list for PBXProject "Napzakmarket-iOS" */ = {
			isa = XCConfigurationList;
			buildConfigurations = (
				D0C2A9022D2AA39100C8616B /* Debug */,
				D0C2A9032D2AA39100C8616B /* Release */,
			);
			defaultConfigurationIsVisible = 0;
			defaultConfigurationName = Release;
		};
		D0C2A9042D2AA39100C8616B /* Build configuration list for PBXNativeTarget "Napzakmarket-iOS" */ = {
			isa = XCConfigurationList;
			buildConfigurations = (
				D0C2A9052D2AA39100C8616B /* Debug */,
				D0C2A9062D2AA39100C8616B /* Release */,
			);
			defaultConfigurationIsVisible = 0;
			defaultConfigurationName = Release;
		};
/* End XCConfigurationList section */

/* Begin XCRemoteSwiftPackageReference section */
		D0AA21202D2C10CC004CC2E6 /* XCRemoteSwiftPackageReference "Moya" */ = {
			isa = XCRemoteSwiftPackageReference;
			repositoryURL = "https://github.com/Moya/Moya";
			requirement = {
				kind = upToNextMajorVersion;
				minimumVersion = 15.0.3;
			};
		};
		D0AA21232D2C10E5004CC2E6 /* XCRemoteSwiftPackageReference "Kingfisher" */ = {
			isa = XCRemoteSwiftPackageReference;
			repositoryURL = "https://github.com/onevcat/Kingfisher.git";
			requirement = {
				kind = upToNextMajorVersion;
				minimumVersion = 8.1.3;
			};
		};
		D0AA21262D2C1169004CC2E6 /* XCRemoteSwiftPackageReference "lottie-ios" */ = {
			isa = XCRemoteSwiftPackageReference;
			repositoryURL = "https://github.com/airbnb/lottie-ios";
			requirement = {
				kind = upToNextMajorVersion;
				minimumVersion = 4.5.1;
			};
		};
/* End XCRemoteSwiftPackageReference section */

/* Begin XCSwiftPackageProductDependency section */
		D0AA21212D2C10CC004CC2E6 /* Moya */ = {
			isa = XCSwiftPackageProductDependency;
			package = D0AA21202D2C10CC004CC2E6 /* XCRemoteSwiftPackageReference "Moya" */;
			productName = Moya;
		};
		D0AA21242D2C10E5004CC2E6 /* Kingfisher */ = {
			isa = XCSwiftPackageProductDependency;
			package = D0AA21232D2C10E5004CC2E6 /* XCRemoteSwiftPackageReference "Kingfisher" */;
			productName = Kingfisher;
		};
		D0AA21272D2C1169004CC2E6 /* Lottie */ = {
			isa = XCSwiftPackageProductDependency;
			package = D0AA21262D2C1169004CC2E6 /* XCRemoteSwiftPackageReference "lottie-ios" */;
			productName = Lottie;
		};
/* End XCSwiftPackageProductDependency section */
	};
	rootObject = D0C2A8EE2D2AA38E00C8616B /* Project object */;
}
